
Microsoft Visual Studio Solution File, Format Version 12.00
# Visual Studio Version 17
VisualStudioVersion = 17.5.002.0
MinimumVisualStudioVersion = 10.0.40219.1
Project("{9A19103F-16F7-4668-BE54-9A1E7A4F7556}") = "LCCloneGraph", "LCCloneGraph.csproj", "{B53656F8-DCCD-4373-AEA2-C96FE8232F2B}"
EndProject
Global
	GlobalSection(SolutionConfigurationPlatforms) = preSolution
		Debug|Any CPU = Debug|Any CPU
		Release|Any CPU = Release|Any CPU
	EndGlobalSection
	GlobalSection(ProjectConfigurationPlatforms) = postSolution
		{B53656F8-DCCD-4373-AEA2-C96FE8232F2B}.Debug|Any CPU.ActiveCfg = Debug|Any CPU
		{B53656F8-DCCD-4373-AEA2-C96FE8232F2B}.Debug|Any CPU.Build.0 = Debug|Any CPU
		{B53656F8-DCCD-4373-AEA2-C96FE8232F2B}.Release|Any CPU.ActiveCfg = Release|Any CPU
		{B53656F8-DCCD-4373-AEA2-C96FE8232F2B}.Release|Any CPU.Build.0 = Release|Any CPU
	EndGlobalSection
	GlobalSection(SolutionProperties) = preSolution
		HideSolutionNode = FALSE
	EndGlobalSection
	GlobalSection(ExtensibilityGlobals) = postSolution
		SolutionGuid = {AB8F0E8A-F6C8-4284-B233-CF19D0939095}
	EndGlobalSection
EndGlobal
