
Microsoft Visual Studio Solution File, Format Version 12.00
# Visual Studio Version 17
VisualStudioVersion = 17.5.002.0
MinimumVisualStudioVersion = 10.0.40219.1
Project("{9A19103F-16F7-4668-BE54-9A1E7A4F7556}") = "LCLargestDivisibleSubset", "LCLargestDivisibleSubset.csproj", "{75AEB851-397B-4FEB-B3F6-D1333D98167E}"
EndProject
Global
	GlobalSection(SolutionConfigurationPlatforms) = preSolution
		Debug|Any CPU = Debug|Any CPU
		Release|Any CPU = Release|Any CPU
	EndGlobalSection
	GlobalSection(ProjectConfigurationPlatforms) = postSolution
		{75AEB851-397B-4FEB-B3F6-D1333D98167E}.Debug|Any CPU.ActiveCfg = Debug|Any CPU
		{75AEB851-397B-4FEB-B3F6-D1333D98167E}.Debug|Any CPU.Build.0 = Debug|Any CPU
		{75AEB851-397B-4FEB-B3F6-D1333D98167E}.Release|Any CPU.ActiveCfg = Release|Any CPU
		{75AEB851-397B-4FEB-B3F6-D1333D98167E}.Release|Any CPU.Build.0 = Release|Any CPU
	EndGlobalSection
	GlobalSection(SolutionProperties) = preSolution
		HideSolutionNode = FALSE
	EndGlobalSection
	GlobalSection(ExtensibilityGlobals) = postSolution
		SolutionGuid = {3701937F-9F0B-4EF1-9A09-48B6CC781D1F}
	EndGlobalSection
EndGlobal
