
Microsoft Visual Studio Solution File, Format Version 12.00
# Visual Studio Version 17
VisualStudioVersion = 17.5.002.0
MinimumVisualStudioVersion = 10.0.40219.1
Project("{9A19103F-16F7-4668-BE54-9A1E7A4F7556}") = "LCGenerateParantheses", "LCGenerateParantheses.csproj", "{4EFA0FA8-4B8B-4ECD-8E6D-DC83FB83FDA1}"
EndProject
Global
	GlobalSection(SolutionConfigurationPlatforms) = preSolution
		Debug|Any CPU = Debug|Any CPU
		Release|Any CPU = Release|Any CPU
	EndGlobalSection
	GlobalSection(ProjectConfigurationPlatforms) = postSolution
		{4EFA0FA8-4B8B-4ECD-8E6D-DC83FB83FDA1}.Debug|Any CPU.ActiveCfg = Debug|Any CPU
		{4EFA0FA8-4B8B-4ECD-8E6D-DC83FB83FDA1}.Debug|Any CPU.Build.0 = Debug|Any CPU
		{4EFA0FA8-4B8B-4ECD-8E6D-DC83FB83FDA1}.Release|Any CPU.ActiveCfg = Release|Any CPU
		{4EFA0FA8-4B8B-4ECD-8E6D-DC83FB83FDA1}.Release|Any CPU.Build.0 = Release|Any CPU
	EndGlobalSection
	GlobalSection(SolutionProperties) = preSolution
		HideSolutionNode = FALSE
	EndGlobalSection
	GlobalSection(ExtensibilityGlobals) = postSolution
		SolutionGuid = {C6C57836-FFE3-43DC-9AEF-A0FED9176CC6}
	EndGlobalSection
EndGlobal
