
Microsoft Visual Studio Solution File, Format Version 12.00
# Visual Studio Version 17
VisualStudioVersion = 17.5.002.0
MinimumVisualStudioVersion = 10.0.40219.1
Project("{9A19103F-16F7-4668-BE54-9A1E7A4F7556}") = "LCBinaryTreeRightSideView", "LCBinaryTreeRightSideView.csproj", "{8A89F11D-D051-4673-86A9-316368869EAF}"
EndProject
Global
	GlobalSection(SolutionConfigurationPlatforms) = preSolution
		Debug|Any CPU = Debug|Any CPU
		Release|Any CPU = Release|Any CPU
	EndGlobalSection
	GlobalSection(ProjectConfigurationPlatforms) = postSolution
		{8A89F11D-D051-4673-86A9-316368869EAF}.Debug|Any CPU.ActiveCfg = Debug|Any CPU
		{8A89F11D-D051-4673-86A9-316368869EAF}.Debug|Any CPU.Build.0 = Debug|Any CPU
		{8A89F11D-D051-4673-86A9-316368869EAF}.Release|Any CPU.ActiveCfg = Release|Any CPU
		{8A89F11D-D051-4673-86A9-316368869EAF}.Release|Any CPU.Build.0 = Release|Any CPU
	EndGlobalSection
	GlobalSection(SolutionProperties) = preSolution
		HideSolutionNode = FALSE
	EndGlobalSection
	GlobalSection(ExtensibilityGlobals) = postSolution
		SolutionGuid = {264CDEE9-FBBA-44D1-92C2-1D8EF8218B7F}
	EndGlobalSection
EndGlobal
