
Microsoft Visual Studio Solution File, Format Version 12.00
# Visual Studio Version 17
VisualStudioVersion = 17.5.002.0
MinimumVisualStudioVersion = 10.0.40219.1
Project("{9A19103F-16F7-4668-BE54-9A1E7A4F7556}") = "LCWordSearch2", "LCWordSearch2.csproj", "{581FD9E1-7903-48D9-AFFF-1B9C4B1079BA}"
EndProject
Global
	GlobalSection(SolutionConfigurationPlatforms) = preSolution
		Debug|Any CPU = Debug|Any CPU
		Release|Any CPU = Release|Any CPU
	EndGlobalSection
	GlobalSection(ProjectConfigurationPlatforms) = postSolution
		{581FD9E1-7903-48D9-AFFF-1B9C4B1079BA}.Debug|Any CPU.ActiveCfg = Debug|Any CPU
		{581FD9E1-7903-48D9-AFFF-1B9C4B1079BA}.Debug|Any CPU.Build.0 = Debug|Any CPU
		{581FD9E1-7903-48D9-AFFF-1B9C4B1079BA}.Release|Any CPU.ActiveCfg = Release|Any CPU
		{581FD9E1-7903-48D9-AFFF-1B9C4B1079BA}.Release|Any CPU.Build.0 = Release|Any CPU
	EndGlobalSection
	GlobalSection(SolutionProperties) = preSolution
		HideSolutionNode = FALSE
	EndGlobalSection
	GlobalSection(ExtensibilityGlobals) = postSolution
		SolutionGuid = {5021ABA9-9B46-4EC3-AF6B-CBE0BED79F43}
	EndGlobalSection
EndGlobal
