
Microsoft Visual Studio Solution File, Format Version 12.00
# Visual Studio Version 17
VisualStudioVersion = 17.5.002.0
MinimumVisualStudioVersion = 10.0.40219.1
Project("{9A19103F-16F7-4668-BE54-9A1E7A4F7556}") = "LCPredictWinner", "LCPredictWinner.csproj", "{F4E6B73B-5B86-4651-9D51-BD4B54C5051E}"
EndProject
Global
	GlobalSection(SolutionConfigurationPlatforms) = preSolution
		Debug|Any CPU = Debug|Any CPU
		Release|Any CPU = Release|Any CPU
	EndGlobalSection
	GlobalSection(ProjectConfigurationPlatforms) = postSolution
		{F4E6B73B-5B86-4651-9D51-BD4B54C5051E}.Debug|Any CPU.ActiveCfg = Debug|Any CPU
		{F4E6B73B-5B86-4651-9D51-BD4B54C5051E}.Debug|Any CPU.Build.0 = Debug|Any CPU
		{F4E6B73B-5B86-4651-9D51-BD4B54C5051E}.Release|Any CPU.ActiveCfg = Release|Any CPU
		{F4E6B73B-5B86-4651-9D51-BD4B54C5051E}.Release|Any CPU.Build.0 = Release|Any CPU
	EndGlobalSection
	GlobalSection(SolutionProperties) = preSolution
		HideSolutionNode = FALSE
	EndGlobalSection
	GlobalSection(ExtensibilityGlobals) = postSolution
		SolutionGuid = {5840B446-7F86-4554-A937-40FD006C549E}
	EndGlobalSection
EndGlobal
