
Microsoft Visual Studio Solution File, Format Version 12.00
# Visual Studio Version 17
VisualStudioVersion = 17.5.002.0
MinimumVisualStudioVersion = 10.0.40219.1
Project("{9A19103F-16F7-4668-BE54-9A1E7A4F7556}") = "LCCombinationSum4Perm", "LCCombinationSum4Perm.csproj", "{4CEB7FA3-B20B-4217-90DE-CEF59AF13F61}"
EndProject
Global
	GlobalSection(SolutionConfigurationPlatforms) = preSolution
		Debug|Any CPU = Debug|Any CPU
		Release|Any CPU = Release|Any CPU
	EndGlobalSection
	GlobalSection(ProjectConfigurationPlatforms) = postSolution
		{4CEB7FA3-B20B-4217-90DE-CEF59AF13F61}.Debug|Any CPU.ActiveCfg = Debug|Any CPU
		{4CEB7FA3-B20B-4217-90DE-CEF59AF13F61}.Debug|Any CPU.Build.0 = Debug|Any CPU
		{4CEB7FA3-B20B-4217-90DE-CEF59AF13F61}.Release|Any CPU.ActiveCfg = Release|Any CPU
		{4CEB7FA3-B20B-4217-90DE-CEF59AF13F61}.Release|Any CPU.Build.0 = Release|Any CPU
	EndGlobalSection
	GlobalSection(SolutionProperties) = preSolution
		HideSolutionNode = FALSE
	EndGlobalSection
	GlobalSection(ExtensibilityGlobals) = postSolution
		SolutionGuid = {408CE73D-67B1-4C19-BBBD-8017712249E6}
	EndGlobalSection
EndGlobal
