
Microsoft Visual Studio Solution File, Format Version 12.00
# Visual Studio Version 17
VisualStudioVersion = 17.5.002.0
MinimumVisualStudioVersion = 10.0.40219.1
Project("{9A19103F-16F7-4668-BE54-9A1E7A4F7556}") = "LCSearch2DMatrix", "LCSearch2DMatrix.csproj", "{04A1F1BD-F76D-4DF2-98B8-8C682496949C}"
EndProject
Global
	GlobalSection(SolutionConfigurationPlatforms) = preSolution
		Debug|Any CPU = Debug|Any CPU
		Release|Any CPU = Release|Any CPU
	EndGlobalSection
	GlobalSection(ProjectConfigurationPlatforms) = postSolution
		{04A1F1BD-F76D-4DF2-98B8-8C682496949C}.Debug|Any CPU.ActiveCfg = Debug|Any CPU
		{04A1F1BD-F76D-4DF2-98B8-8C682496949C}.Debug|Any CPU.Build.0 = Debug|Any CPU
		{04A1F1BD-F76D-4DF2-98B8-8C682496949C}.Release|Any CPU.ActiveCfg = Release|Any CPU
		{04A1F1BD-F76D-4DF2-98B8-8C682496949C}.Release|Any CPU.Build.0 = Release|Any CPU
	EndGlobalSection
	GlobalSection(SolutionProperties) = preSolution
		HideSolutionNode = FALSE
	EndGlobalSection
	GlobalSection(ExtensibilityGlobals) = postSolution
		SolutionGuid = {5D66E472-C66E-4435-8398-C28C5FE15FDC}
	EndGlobalSection
EndGlobal
