
Microsoft Visual Studio Solution File, Format Version 12.00
# Visual Studio Version 17
VisualStudioVersion = 17.5.002.0
MinimumVisualStudioVersion = 10.0.40219.1
Project("{9A19103F-16F7-4668-BE54-9A1E7A4F7556}") = "LCGetEqualSubstringsWithinBudget", "LCGetEqualSubstringsWithinBudget.csproj", "{156EF521-52FB-4A73-BF1A-D83387B6BA45}"
EndProject
Global
	GlobalSection(SolutionConfigurationPlatforms) = preSolution
		Debug|Any CPU = Debug|Any CPU
		Release|Any CPU = Release|Any CPU
	EndGlobalSection
	GlobalSection(ProjectConfigurationPlatforms) = postSolution
		{156EF521-52FB-4A73-BF1A-D83387B6BA45}.Debug|Any CPU.ActiveCfg = Debug|Any CPU
		{156EF521-52FB-4A73-BF1A-D83387B6BA45}.Debug|Any CPU.Build.0 = Debug|Any CPU
		{156EF521-52FB-4A73-BF1A-D83387B6BA45}.Release|Any CPU.ActiveCfg = Release|Any CPU
		{156EF521-52FB-4A73-BF1A-D83387B6BA45}.Release|Any CPU.Build.0 = Release|Any CPU
	EndGlobalSection
	GlobalSection(SolutionProperties) = preSolution
		HideSolutionNode = FALSE
	EndGlobalSection
	GlobalSection(ExtensibilityGlobals) = postSolution
		SolutionGuid = {7915C90B-BEB1-478D-9375-D4B0E4102FD3}
	EndGlobalSection
EndGlobal
