
Microsoft Visual Studio Solution File, Format Version 12.00
# Visual Studio Version 17
VisualStudioVersion = 17.5.002.0
MinimumVisualStudioVersion = 10.0.40219.1
Project("{9A19103F-16F7-4668-BE54-9A1E7A4F7556}") = "LCWordSquares", "LCWordSquares.csproj", "{AC9E0B20-5721-4C4B-B492-CF0FBF715ABC}"
EndProject
Global
	GlobalSection(SolutionConfigurationPlatforms) = preSolution
		Debug|Any CPU = Debug|Any CPU
		Release|Any CPU = Release|Any CPU
	EndGlobalSection
	GlobalSection(ProjectConfigurationPlatforms) = postSolution
		{AC9E0B20-5721-4C4B-B492-CF0FBF715ABC}.Debug|Any CPU.ActiveCfg = Debug|Any CPU
		{AC9E0B20-5721-4C4B-B492-CF0FBF715ABC}.Debug|Any CPU.Build.0 = Debug|Any CPU
		{AC9E0B20-5721-4C4B-B492-CF0FBF715ABC}.Release|Any CPU.ActiveCfg = Release|Any CPU
		{AC9E0B20-5721-4C4B-B492-CF0FBF715ABC}.Release|Any CPU.Build.0 = Release|Any CPU
	EndGlobalSection
	GlobalSection(SolutionProperties) = preSolution
		HideSolutionNode = FALSE
	EndGlobalSection
	GlobalSection(ExtensibilityGlobals) = postSolution
		SolutionGuid = {FF7C9101-9FBF-4C18-947B-6B920A0CF499}
	EndGlobalSection
EndGlobal
